
Microsoft Visual Studio Solution File, Format Version 12.00
# Visual Studio 15
VisualStudioVersion = 15.0.26430.16
MinimumVisualStudioVersion = 10.0.40219.1
Project("{FAE04EC0-301F-11D3-BF4B-00C04F79EFBC}") = "ISM2Import", "ISM2Import\ISM2Import.csproj", "{01D94A03-32C6-4597-A00B-33244DAECAEA}"
EndProject
Global
	GlobalSection(SolutionConfigurationPlatforms) = preSolution
		Debug|Any CPU = Debug|Any CPU
		Release|Any CPU = Release|Any CPU
	EndGlobalSection
	GlobalSection(ProjectConfigurationPlatforms) = postSolution
		{01D94A03-32C6-4597-A00B-33244DAECAEA}.Debug|Any CPU.ActiveCfg = Debug|Any CPU
		{01D94A03-32C6-4597-A00B-33244DAECAEA}.Debug|Any CPU.Build.0 = Debug|Any CPU
		{01D94A03-32C6-4597-A00B-33244DAECAEA}.Release|Any CPU.ActiveCfg = Release|Any CPU
		{01D94A03-32C6-4597-A00B-33244DAECAEA}.Release|Any CPU.Build.0 = Release|Any CPU
	EndGlobalSection
	GlobalSection(SolutionProperties) = preSolution
		HideSolutionNode = FALSE
	EndGlobalSection
EndGlobal
